
Microsoft Visual Studio Solution File, Format Version 12.00
# Visual Studio Version 17
VisualStudioVersion = 17.0.31903.59
MinimumVisualStudioVersion = 10.0.40219.1
Project("{2150E333-8FDC-42A3-9474-1A3956D46DE8}") = "src", "src", "{827E0CD3-B72D-47B6-A68D-7590B98EB39B}"
EndProject
Project("{FAE04EC0-301F-11D3-BF4B-00C04F79EFBC}") = "FreePolarAlign.Core", "src\FreePolarAlign.Core\FreePolarAlign.Core.csproj", "{1DE9B49B-C9BC-460C-8F7C-832558969B9D}"
EndProject
Project("{FAE04EC0-301F-11D3-BF4B-00C04F79EFBC}") = "FreePolarAlign.Imaging", "src\FreePolarAlign.Imaging\FreePolarAlign.Imaging.csproj", "{03ADBBFA-9B2A-40AC-BD2A-A9DA4DF54EFB}"
EndProject
Project("{FAE04EC0-301F-11D3-BF4B-00C04F79EFBC}") = "FreePolarAlign.Solving", "src\FreePolarAlign.Solving\FreePolarAlign.Solving.csproj", "{6AF2537B-22D2-44C1-B90C-AABA3FA10486}"
EndProject
Project("{FAE04EC0-301F-11D3-BF4B-00C04F79EFBC}") = "FreePolarAlign.Devices", "src\FreePolarAlign.Devices\FreePolarAlign.Devices.csproj", "{E9E44CD6-D8A7-4E37-A221-7D9AC3325D9D}"
EndProject
Project("{FAE04EC0-301F-11D3-BF4B-00C04F79EFBC}") = "FreePolarAlign.Devices.Simulated", "src\FreePolarAlign.Devices.Simulated\FreePolarAlign.Devices.Simulated.csproj", "{2BD3E19C-CB88-4504-A1AB-4F80225C5DE9}"
EndProject
Project("{FAE04EC0-301F-11D3-BF4B-00C04F79EFBC}") = "FreePolarAlign.Devices.Ascom", "src\FreePolarAlign.Devices.Ascom\FreePolarAlign.Devices.Ascom.csproj", "{21C2AAAA-C9A3-4C02-8079-68CBE5C11D8F}"
EndProject
Project("{FAE04EC0-301F-11D3-BF4B-00C04F79EFBC}") = "FreePolarAlign.Session", "src\FreePolarAlign.Session\FreePolarAlign.Session.csproj", "{9D9FCD00-A89B-4956-BDA9-503BC541BE2D}"
EndProject
Project("{FAE04EC0-301F-11D3-BF4B-00C04F79EFBC}") = "FreePolarAlign.App", "src\FreePolarAlign.App\FreePolarAlign.App.csproj", "{763A49BC-C13F-4F91-B9E3-D45BFFEF247B}"
EndProject
Project("{2150E333-8FDC-42A3-9474-1A3956D46DE8}") = "tests", "tests", "{0AB3BF05-4346-4AA6-1389-037BE0695223}"
EndProject
Project("{FAE04EC0-301F-11D3-BF4B-00C04F79EFBC}") = "FreePolarAlign.Tests.Core", "tests\FreePolarAlign.Tests.Core\FreePolarAlign.Tests.Core.csproj", "{41D1B792-B059-454B-8118-2686FFE16FD1}"
EndProject
Project("{FAE04EC0-301F-11D3-BF4B-00C04F79EFBC}") = "FreePolarAlign.Tests.Imaging", "tests\FreePolarAlign.Tests.Imaging\FreePolarAlign.Tests.Imaging.csproj", "{497B7BCD-8C72-493C-B964-8B2BF66B0524}"
EndProject
Global
	GlobalSection(SolutionConfigurationPlatforms) = preSolution
		Debug|Any CPU = Debug|Any CPU
		Debug|x64 = Debug|x64
		Debug|x86 = Debug|x86
		Release|Any CPU = Release|Any CPU
		Release|x64 = Release|x64
		Release|x86 = Release|x86
	EndGlobalSection
	GlobalSection(ProjectConfigurationPlatforms) = postSolution
		{1DE9B49B-C9BC-460C-8F7C-832558969B9D}.Debug|Any CPU.ActiveCfg = Debug|Any CPU
		{1DE9B49B-C9BC-460C-8F7C-832558969B9D}.Debug|Any CPU.Build.0 = Debug|Any CPU
		{1DE9B49B-C9BC-460C-8F7C-832558969B9D}.Debug|x64.ActiveCfg = Debug|Any CPU
		{1DE9B49B-C9BC-460C-8F7C-832558969B9D}.Debug|x64.Build.0 = Debug|Any CPU
		{1DE9B49B-C9BC-460C-8F7C-832558969B9D}.Debug|x86.ActiveCfg = Debug|Any CPU
		{1DE9B49B-C9BC-460C-8F7C-832558969B9D}.Debug|x86.Build.0 = Debug|Any CPU
		{1DE9B49B-C9BC-460C-8F7C-832558969B9D}.Release|Any CPU.ActiveCfg = Release|Any CPU
		{1DE9B49B-C9BC-460C-8F7C-832558969B9D}.Release|Any CPU.Build.0 = Release|Any CPU
		{1DE9B49B-C9BC-460C-8F7C-832558969B9D}.Release|x64.ActiveCfg = Release|Any CPU
		{1DE9B49B-C9BC-460C-8F7C-832558969B9D}.Release|x64.Build.0 = Release|Any CPU
		{1DE9B49B-C9BC-460C-8F7C-832558969B9D}.Release|x86.ActiveCfg = Release|Any CPU
		{1DE9B49B-C9BC-460C-8F7C-832558969B9D}.Release|x86.Build.0 = Release|Any CPU
		{03ADBBFA-9B2A-40AC-BD2A-A9DA4DF54EFB}.Debug|Any CPU.ActiveCfg = Debug|Any CPU
		{03ADBBFA-9B2A-40AC-BD2A-A9DA4DF54EFB}.Debug|Any CPU.Build.0 = Debug|Any CPU
		{03ADBBFA-9B2A-40AC-BD2A-A9DA4DF54EFB}.Debug|x64.ActiveCfg = Debug|Any CPU
		{03ADBBFA-9B2A-40AC-BD2A-A9DA4DF54EFB}.Debug|x64.Build.0 = Debug|Any CPU
		{03ADBBFA-9B2A-40AC-BD2A-A9DA4DF54EFB}.Debug|x86.ActiveCfg = Debug|Any CPU
		{03ADBBFA-9B2A-40AC-BD2A-A9DA4DF54EFB}.Debug|x86.Build.0 = Debug|Any CPU
		{03ADBBFA-9B2A-40AC-BD2A-A9DA4DF54EFB}.Release|Any CPU.ActiveCfg = Release|Any CPU
		{03ADBBFA-9B2A-40AC-BD2A-A9DA4DF54EFB}.Release|Any CPU.Build.0 = Release|Any CPU
		{03ADBBFA-9B2A-40AC-BD2A-A9DA4DF54EFB}.Release|x64.ActiveCfg = Release|Any CPU
		{03ADBBFA-9B2A-40AC-BD2A-A9DA4DF54EFB}.Release|x64.Build.0 = Release|Any CPU
		{03ADBBFA-9B2A-40AC-BD2A-A9DA4DF54EFB}.Release|x86.ActiveCfg = Release|Any CPU
		{03ADBBFA-9B2A-40AC-BD2A-A9DA4DF54EFB}.Release|x86.Build.0 = Release|Any CPU
		{6AF2537B-22D2-44C1-B90C-AABA3FA10486}.Debug|Any CPU.ActiveCfg = Debug|Any CPU
		{6AF2537B-22D2-44C1-B90C-AABA3FA10486}.Debug|Any CPU.Build.0 = Debug|Any CPU
		{6AF2537B-22D2-44C1-B90C-AABA3FA10486}.Debug|x64.ActiveCfg = Debug|Any CPU
		{6AF2537B-22D2-44C1-B90C-AABA3FA10486}.Debug|x64.Build.0 = Debug|Any CPU
		{6AF2537B-22D2-44C1-B90C-AABA3FA10486}.Debug|x86.ActiveCfg = Debug|Any CPU
		{6AF2537B-22D2-44C1-B90C-AABA3FA10486}.Debug|x86.Build.0 = Debug|Any CPU
		{6AF2537B-22D2-44C1-B90C-AABA3FA10486}.Release|Any CPU.ActiveCfg = Release|Any CPU
		{6AF2537B-22D2-44C1-B90C-AABA3FA10486}.Release|Any CPU.Build.0 = Release|Any CPU
		{6AF2537B-22D2-44C1-B90C-AABA3FA10486}.Release|x64.ActiveCfg = Release|Any CPU
		{6AF2537B-22D2-44C1-B90C-AABA3FA10486}.Release|x64.Build.0 = Release|Any CPU
		{6AF2537B-22D2-44C1-B90C-AABA3FA10486}.Release|x86.ActiveCfg = Release|Any CPU
		{6AF2537B-22D2-44C1-B90C-AABA3FA10486}.Release|x86.Build.0 = Release|Any CPU
		{E9E44CD6-D8A7-4E37-A221-7D9AC3325D9D}.Debug|Any CPU.ActiveCfg = Debug|Any CPU
		{E9E44CD6-D8A7-4E37-A221-7D9AC3325D9D}.Debug|Any CPU.Build.0 = Debug|Any CPU
		{E9E44CD6-D8A7-4E37-A221-7D9AC3325D9D}.Debug|x64.ActiveCfg = Debug|Any CPU
		{E9E44CD6-D8A7-4E37-A221-7D9AC3325D9D}.Debug|x64.Build.0 = Debug|Any CPU
		{E9E44CD6-D8A7-4E37-A221-7D9AC3325D9D}.Debug|x86.ActiveCfg = Debug|Any CPU
		{E9E44CD6-D8A7-4E37-A221-7D9AC3325D9D}.Debug|x86.Build.0 = Debug|Any CPU
		{E9E44CD6-D8A7-4E37-A221-7D9AC3325D9D}.Release|Any CPU.ActiveCfg = Release|Any CPU
		{E9E44CD6-D8A7-4E37-A221-7D9AC3325D9D}.Release|Any CPU.Build.0 = Release|Any CPU
		{E9E44CD6-D8A7-4E37-A221-7D9AC3325D9D}.Release|x64.ActiveCfg = Release|Any CPU
		{E9E44CD6-D8A7-4E37-A221-7D9AC3325D9D}.Release|x64.Build.0 = Release|Any CPU
		{E9E44CD6-D8A7-4E37-A221-7D9AC3325D9D}.Release|x86.ActiveCfg = Release|Any CPU
		{E9E44CD6-D8A7-4E37-A221-7D9AC3325D9D}.Release|x86.Build.0 = Release|Any CPU
		{2BD3E19C-CB88-4504-A1AB-4F80225C5DE9}.Debug|Any CPU.ActiveCfg = Debug|Any CPU
		{2BD3E19C-CB88-4504-A1AB-4F80225C5DE9}.Debug|Any CPU.Build.0 = Debug|Any CPU
		{2BD3E19C-CB88-4504-A1AB-4F80225C5DE9}.Debug|x64.ActiveCfg = Debug|Any CPU
		{2BD3E19C-CB88-4504-A1AB-4F80225C5DE9}.Debug|x64.Build.0 = Debug|Any CPU
		{2BD3E19C-CB88-4504-A1AB-4F80225C5DE9}.Debug|x86.ActiveCfg = Debug|Any CPU
		{2BD3E19C-CB88-4504-A1AB-4F80225C5DE9}.Debug|x86.Build.0 = Debug|Any CPU
		{2BD3E19C-CB88-4504-A1AB-4F80225C5DE9}.Release|Any CPU.ActiveCfg = Release|Any CPU
		{2BD3E19C-CB88-4504-A1AB-4F80225C5DE9}.Release|Any CPU.Build.0 = Release|Any CPU
		{2BD3E19C-CB88-4504-A1AB-4F80225C5DE9}.Release|x64.ActiveCfg = Release|Any CPU
		{2BD3E19C-CB88-4504-A1AB-4F80225C5DE9}.Release|x64.Build.0 = Release|Any CPU
		{2BD3E19C-CB88-4504-A1AB-4F80225C5DE9}.Release|x86.ActiveCfg = Release|Any CPU
		{2BD3E19C-CB88-4504-A1AB-4F80225C5DE9}.Release|x86.Build.0 = Release|Any CPU
		{21C2AAAA-C9A3-4C02-8079-68CBE5C11D8F}.Debug|Any CPU.ActiveCfg = Debug|Any CPU
		{21C2AAAA-C9A3-4C02-8079-68CBE5C11D8F}.Debug|Any CPU.Build.0 = Debug|Any CPU
		{21C2AAAA-C9A3-4C02-8079-68CBE5C11D8F}.Debug|x64.ActiveCfg = Debug|Any CPU
		{21C2AAAA-C9A3-4C02-8079-68CBE5C11D8F}.Debug|x64.Build.0 = Debug|Any CPU
		{21C2AAAA-C9A3-4C02-8079-68CBE5C11D8F}.Debug|x86.ActiveCfg = Debug|Any CPU
		{21C2AAAA-C9A3-4C02-8079-68CBE5C11D8F}.Debug|x86.Build.0 = Debug|Any CPU
		{21C2AAAA-C9A3-4C02-8079-68CBE5C11D8F}.Release|Any CPU.ActiveCfg = Release|Any CPU
		{21C2AAAA-C9A3-4C02-8079-68CBE5C11D8F}.Release|Any CPU.Build.0 = Release|Any CPU
		{21C2AAAA-C9A3-4C02-8079-68CBE5C11D8F}.Release|x64.ActiveCfg = Release|Any CPU
		{21C2AAAA-C9A3-4C02-8079-68CBE5C11D8F}.Release|x64.Build.0 = Release|Any CPU
		{21C2AAAA-C9A3-4C02-8079-68CBE5C11D8F}.Release|x86.ActiveCfg = Release|Any CPU
		{21C2AAAA-C9A3-4C02-8079-68CBE5C11D8F}.Release|x86.Build.0 = Release|Any CPU
		{9D9FCD00-A89B-4956-BDA9-503BC541BE2D}.Debug|Any CPU.ActiveCfg = Debug|Any CPU
		{9D9FCD00-A89B-4956-BDA9-503BC541BE2D}.Debug|Any CPU.Build.0 = Debug|Any CPU
		{9D9FCD00-A89B-4956-BDA9-503BC541BE2D}.Debug|x64.ActiveCfg = Debug|Any CPU
		{9D9FCD00-A89B-4956-BDA9-503BC541BE2D}.Debug|x64.Build.0 = Debug|Any CPU
		{9D9FCD00-A89B-4956-BDA9-503BC541BE2D}.Debug|x86.ActiveCfg = Debug|Any CPU
		{9D9FCD00-A89B-4956-BDA9-503BC541BE2D}.Debug|x86.Build.0 = Debug|Any CPU
		{9D9FCD00-A89B-4956-BDA9-503BC541BE2D}.Release|Any CPU.ActiveCfg = Release|Any CPU
		{9D9FCD00-A89B-4956-BDA9-503BC541BE2D}.Release|Any CPU.Build.0 = Release|Any CPU
		{9D9FCD00-A89B-4956-BDA9-503BC541BE2D}.Release|x64.ActiveCfg = Release|Any CPU
		{9D9FCD00-A89B-4956-BDA9-503BC541BE2D}.Release|x64.Build.0 = Release|Any CPU
		{9D9FCD00-A89B-4956-BDA9-503BC541BE2D}.Release|x86.ActiveCfg = Release|Any CPU
		{9D9FCD00-A89B-4956-BDA9-503BC541BE2D}.Release|x86.Build.0 = Release|Any CPU
		{763A49BC-C13F-4F91-B9E3-D45BFFEF247B}.Debug|Any CPU.ActiveCfg = Debug|Any CPU
		{763A49BC-C13F-4F91-B9E3-D45BFFEF247B}.Debug|Any CPU.Build.0 = Debug|Any CPU
		{763A49BC-C13F-4F91-B9E3-D45BFFEF247B}.Debug|x64.ActiveCfg = Debug|Any CPU
		{763A49BC-C13F-4F91-B9E3-D45BFFEF247B}.Debug|x64.Build.0 = Debug|Any CPU
		{763A49BC-C13F-4F91-B9E3-D45BFFEF247B}.Debug|x86.ActiveCfg = Debug|Any CPU
		{763A49BC-C13F-4F91-B9E3-D45BFFEF247B}.Debug|x86.Build.0 = Debug|Any CPU
		{763A49BC-C13F-4F91-B9E3-D45BFFEF247B}.Release|Any CPU.ActiveCfg = Release|Any CPU
		{763A49BC-C13F-4F91-B9E3-D45BFFEF247B}.Release|Any CPU.Build.0 = Release|Any CPU
		{763A49BC-C13F-4F91-B9E3-D45BFFEF247B}.Release|x64.ActiveCfg = Release|Any CPU
		{763A49BC-C13F-4F91-B9E3-D45BFFEF247B}.Release|x64.Build.0 = Release|Any CPU
		{763A49BC-C13F-4F91-B9E3-D45BFFEF247B}.Release|x86.ActiveCfg = Release|Any CPU
		{763A49BC-C13F-4F91-B9E3-D45BFFEF247B}.Release|x86.Build.0 = Release|Any CPU
		{41D1B792-B059-454B-8118-2686FFE16FD1}.Debug|Any CPU.ActiveCfg = Debug|Any CPU
		{41D1B792-B059-454B-8118-2686FFE16FD1}.Debug|Any CPU.Build.0 = Debug|Any CPU
		{41D1B792-B059-454B-8118-2686FFE16FD1}.Debug|x64.ActiveCfg = Debug|Any CPU
		{41D1B792-B059-454B-8118-2686FFE16FD1}.Debug|x64.Build.0 = Debug|Any CPU
		{41D1B792-B059-454B-8118-2686FFE16FD1}.Debug|x86.ActiveCfg = Debug|Any CPU
		{41D1B792-B059-454B-8118-2686FFE16FD1}.Debug|x86.Build.0 = Debug|Any CPU
		{41D1B792-B059-454B-8118-2686FFE16FD1}.Release|Any CPU.ActiveCfg = Release|Any CPU
		{41D1B792-B059-454B-8118-2686FFE16FD1}.Release|Any CPU.Build.0 = Release|Any CPU
		{41D1B792-B059-454B-8118-2686FFE16FD1}.Release|x64.ActiveCfg = Release|Any CPU
		{41D1B792-B059-454B-8118-2686FFE16FD1}.Release|x64.Build.0 = Release|Any CPU
		{41D1B792-B059-454B-8118-2686FFE16FD1}.Release|x86.ActiveCfg = Release|Any CPU
		{41D1B792-B059-454B-8118-2686FFE16FD1}.Release|x86.Build.0 = Release|Any CPU
		{497B7BCD-8C72-493C-B964-8B2BF66B0524}.Debug|Any CPU.ActiveCfg = Debug|Any CPU
		{497B7BCD-8C72-493C-B964-8B2BF66B0524}.Debug|Any CPU.Build.0 = Debug|Any CPU
		{497B7BCD-8C72-493C-B964-8B2BF66B0524}.Debug|x64.ActiveCfg = Debug|Any CPU
		{497B7BCD-8C72-493C-B964-8B2BF66B0524}.Debug|x64.Build.0 = Debug|Any CPU
		{497B7BCD-8C72-493C-B964-8B2BF66B0524}.Debug|x86.ActiveCfg = Debug|Any CPU
		{497B7BCD-8C72-493C-B964-8B2BF66B0524}.Debug|x86.Build.0 = Debug|Any CPU
		{497B7BCD-8C72-493C-B964-8B2BF66B0524}.Release|Any CPU.ActiveCfg = Release|Any CPU
		{497B7BCD-8C72-493C-B964-8B2BF66B0524}.Release|Any CPU.Build.0 = Release|Any CPU
		{497B7BCD-8C72-493C-B964-8B2BF66B0524}.Release|x64.ActiveCfg = Release|Any CPU
		{497B7BCD-8C72-493C-B964-8B2BF66B0524}.Release|x64.Build.0 = Release|Any CPU
		{497B7BCD-8C72-493C-B964-8B2BF66B0524}.Release|x86.ActiveCfg = Release|Any CPU
		{497B7BCD-8C72-493C-B964-8B2BF66B0524}.Release|x86.Build.0 = Release|Any CPU
	EndGlobalSection
	GlobalSection(SolutionProperties) = preSolution
		HideSolutionNode = FALSE
	EndGlobalSection
	GlobalSection(NestedProjects) = preSolution
		{1DE9B49B-C9BC-460C-8F7C-832558969B9D} = {827E0CD3-B72D-47B6-A68D-7590B98EB39B}
		{03ADBBFA-9B2A-40AC-BD2A-A9DA4DF54EFB} = {827E0CD3-B72D-47B6-A68D-7590B98EB39B}
		{6AF2537B-22D2-44C1-B90C-AABA3FA10486} = {827E0CD3-B72D-47B6-A68D-7590B98EB39B}
		{E9E44CD6-D8A7-4E37-A221-7D9AC3325D9D} = {827E0CD3-B72D-47B6-A68D-7590B98EB39B}
		{2BD3E19C-CB88-4504-A1AB-4F80225C5DE9} = {827E0CD3-B72D-47B6-A68D-7590B98EB39B}
		{21C2AAAA-C9A3-4C02-8079-68CBE5C11D8F} = {827E0CD3-B72D-47B6-A68D-7590B98EB39B}
		{9D9FCD00-A89B-4956-BDA9-503BC541BE2D} = {827E0CD3-B72D-47B6-A68D-7590B98EB39B}
		{763A49BC-C13F-4F91-B9E3-D45BFFEF247B} = {827E0CD3-B72D-47B6-A68D-7590B98EB39B}
		{41D1B792-B059-454B-8118-2686FFE16FD1} = {0AB3BF05-4346-4AA6-1389-037BE0695223}
		{497B7BCD-8C72-493C-B964-8B2BF66B0524} = {0AB3BF05-4346-4AA6-1389-037BE0695223}
	EndGlobalSection
EndGlobal
